// !$*UTF8*$!
{
	archiveVersion = 1;
	classes = {
	};
	objectVersion = 46;
	objects = {

/* Begin PBXBuildFile section */
		E77B25EF1D51D6B70065D30F /* main.m in Sources */ = {isa = PBXBuildFile; fileRef = E77B25EE1D51D6B70065D30F /* main.m */; };
		E77B25F21D51D6B70065D30F /* AppDelegate.m in Sources */ = {isa = PBXBuildFile; fileRef = E77B25F11D51D6B70065D30F /* AppDelegate.m */; };
		E77B25F51D51D6B70065D30F /* ViewController.m in Sources */ = {isa = PBXBuildFile; fileRef = E77B25F41D51D6B70065D30F /* ViewController.m */; };
		E77B25F81D51D6B70065D30F /* Main.storyboard in Resources */ = {isa = PBXBuildFile; fileRef = E77B25F61D51D6B70065D30F /* Main.storyboard */; };
		E77B25FA1D51D6B70065D30F /* Assets.xcassets in Resources */ = {isa = PBXBuildFile; fileRef = E77B25F91D51D6B70065D30F /* Assets.xcassets */; };
		E77B25FD1D51D6B70065D30F /* LaunchScreen.storyboard in Resources */ = {isa = PBXBuildFile; fileRef = E77B25FB1D51D6B70065D30F /* LaunchScreen.storyboard */; };
		E77B26081D51D6B80065D30F /* alertViewTests.m in Sources */ = {isa = PBXBuildFile; fileRef = E77B26071D51D6B80065D30F /* alertViewTests.m */; };
		E77B26131D51D6B80065D30F /* alertViewUITests.m in Sources */ = {isa = PBXBuildFile; fileRef = E77B26121D51D6B80065D30F /* alertViewUITests.m */; };
/* End PBXBuildFile section */

/* Begin PBXContainerItemProxy section */
		E77B26041D51D6B80065D30F /* PBXContainerItemProxy */ = {
			isa = PBXContainerItemProxy;
			containerPortal = E77B25E21D51D6B60065D30F /* Project object */;
			proxyType = 1;
			remoteGlobalIDString = E77B25E91D51D6B60065D30F;
			remoteInfo = alertView;
		};
		E77B260F1D51D6B80065D30F /* PBXContainerItemProxy */ = {
			isa = PBXContainerItemProxy;
			containerPortal = E77B25E21D51D6B60065D30F /* Project object */;
			proxyType = 1;
			remoteGlobalIDString = E77B25E91D51D6B60065D30F;
			remoteInfo = alertView;
		};
/* End PBXContainerItemProxy section */

/* Begin PBXFileReference section */
		E77B25EA1D51D6B60065D30F /* alertView.app */ = {isa = PBXFileReference; explicitFileType = wrapper.application; includeInIndex = 0; path = alertView.app; sourceTree = BUILT_PRODUCTS_DIR; };
		E77B25EE1D51D6B70065D30F /* main.m */ = {isa = PBXFileReference; lastKnownFileType = sourcecode.c.objc; path = main.m; sourceTree = "<group>"; };
		E77B25F01D51D6B70065D30F /* AppDelegate.h */ = {isa = PBXFileReference; lastKnownFileType = sourcecode.c.h; path = AppDelegate.h; sourceTree = "<group>"; };
		E77B25F11D51D6B70065D30F /* AppDelegate.m */ = {isa = PBXFileReference; lastKnownFileType = sourcecode.c.objc; path = AppDelegate.m; sourceTree = "<group>"; };
		E77B25F31D51D6B70065D30F /* ViewController.h */ = {isa = PBXFileReference; lastKnownFileType = sourcecode.c.h; path = ViewController.h; sourceTree = "<group>"; };
		E77B25F41D51D6B70065D30F /* ViewController.m */ = {isa = PBXFileReference; lastKnownFileType = sourcecode.c.objc; path = ViewController.m; sourceTree = "<group>"; };
		E77B25F71D51D6B70065D30F /* Base */ = {isa = PBXFileReference; lastKnownFileType = file.storyboard; name = Base; path = Base.lproj/Main.storyboard; sourceTree = "<group>"; };
		E77B25F91D51D6B70065D30F /* Assets.xcassets */ = {isa = PBXFileReference; lastKnownFileType = folder.assetcatalog; path = Assets.xcassets; sourceTree = "<group>"; };
		E77B25FC1D51D6B70065D30F /* Base */ = {isa = PBXFileReference; lastKnownFileType = file.storyboard; name = Base; path = Base.lproj/LaunchScreen.storyboard; sourceTree = "<group>"; };
		E77B25FE1D51D6B80065D30F /* Info.plist */ = {isa = PBXFileReference; lastKnownFileType = text.plist.xml; path = Info.plist; sourceTree = "<group>"; };
		E77B26031D51D6B80065D30F /* alertViewTests.xctest */ = {isa = PBXFileReference; explicitFileType = wrapper.cfbundle; includeInIndex = 0; path = alertViewTests.xctest; sourceTree = BUILT_PRODUCTS_DIR; };
		E77B26071D51D6B80065D30F /* alertViewTests.m */ = {isa = PBXFileReference; lastKnownFileType = sourcecode.c.objc; path = alertViewTests.m; sourceTree = "<group>"; };
		E77B26091D51D6B80065D30F /* Info.plist */ = {isa = PBXFileReference; lastKnownFileType = text.plist.xml; path = Info.plist; sourceTree = "<group>"; };
		E77B260E1D51D6B80065D30F /* alertViewUITests.xctest */ = {isa = PBXFileReference; explicitFileType = wrapper.cfbundle; includeInIndex = 0; path = alertViewUITests.xctest; sourceTree = BUILT_PRODUCTS_DIR; };
		E77B26121D51D6B80065D30F /* alertViewUITests.m */ = {isa = PBXFileReference; lastKnownFileType = sourcecode.c.objc; path = alertViewUITests.m; sourceTree = "<group>"; };
		E77B26141D51D6B80065D30F /* Info.plist */ = {isa = PBXFileReference; lastKnownFileType = text.plist.xml; path = Info.plist; sourceTree = "<group>"; };
/* End PBXFileReference section */

/* Begin PBXFrameworksBuildPhase section */
		E77B25E71D51D6B60065D30F /* Frameworks */ = {
			isa = PBXFrameworksBuildPhase;
			buildActionMask = 2147483647;
			files = (
			);
			runOnlyForDeploymentPostprocessing = 0;
		};
		E77B26001D51D6B80065D30F /* Frameworks */ = {
			isa = PBXFrameworksBuildPhase;
			buildActionMask = 2147483647;
			files = (
			);
			runOnlyForDeploymentPostprocessing = 0;
		};
		E77B260B1D51D6B80065D30F /* Frameworks */ = {
			isa = PBXFrameworksBuildPhase;
			buildActionMask = 2147483647;
			files = (
			);
			runOnlyForDeploymentPostprocessing = 0;
		};
/* End PBXFrameworksBuildPhase section */

/* Begin PBXGroup section */
		E77B25E11D51D6B60065D30F = {
			isa = PBXGroup;
			children = (
				E77B25EC1D51D6B60065D30F /* alertView */,
				E77B26061D51D6B80065D30F /* alertViewTests */,
				E77B26111D51D6B80065D30F /* alertViewUITests */,
				E77B25EB1D51D6B60065D30F /* Products */,
			);
			sourceTree = "<group>";
		};
		E77B25EB1D51D6B60065D30F /* Products */ = {
			isa = PBXGroup;
			children = (
				E77B25EA1D51D6B60065D30F /* alertView.app */,
				E77B26031D51D6B80065D30F /* alertViewTests.xctest */,
				E77B260E1D51D6B80065D30F /* alertViewUITests.xctest */,
			);
			name = Products;
			sourceTree = "<group>";
		};
		E77B25EC1D51D6B60065D30F /* alertView */ = {
			isa = PBXGroup;
			children = (
				E77B25F01D51D6B70065D30F /* AppDelegate.h */,
				E77B25F11D51D6B70065D30F /* AppDelegate.m */,
				E77B25F31D51D6B70065D30F /* ViewController.h */,
				E77B25F41D51D6B70065D30F /* ViewController.m */,
				E77B25F61D51D6B70065D30F /* Main.storyboard */,
				E77B25F91D51D6B70065D30F /* Assets.xcassets */,
				E77B25FB1D51D6B70065D30F /* LaunchScreen.storyboard */,
				E77B25FE1D51D6B80065D30F /* Info.plist */,
				E77B25ED1D51D6B70065D30F /* Supporting Files */,
			);
			path = alertView;
			sourceTree = "<group>";
		};
		E77B25ED1D51D6B70065D30F /* Supporting Files */ = {
			isa = PBXGroup;
			children = (
				E77B25EE1D51D6B70065D30F /* main.m */,
			);
			name = "Supporting Files";
			sourceTree = "<group>";
		};
		E77B26061D51D6B80065D30F /* alertViewTests */ = {
			isa = PBXGroup;
			children = (
				E77B26071D51D6B80065D30F /* alertViewTests.m */,
				E77B26091D51D6B80065D30F /* Info.plist */,
			);
			path = alertViewTests;
			sourceTree = "<group>";
		};
		E77B26111D51D6B80065D30F /* alertViewUITests */ = {
			isa = PBXGroup;
			children = (
				E77B26121D51D6B80065D30F /* alertViewUITests.m */,
				E77B26141D51D6B80065D30F /* Info.plist */,
			);
			path = alertViewUITests;
			sourceTree = "<group>";
		};
/* End PBXGroup section */

/* Begin PBXNativeTarget section */
		E77B25E91D51D6B60065D30F /* alertView */ = {
			isa = PBXNativeTarget;
			buildConfigurationList = E77B26171D51D6B80065D30F /* Build configuration list for PBXNativeTarget "alertView" */;
			buildPhases = (
				E77B25E61D51D6B60065D30F /* Sources */,
				E77B25E71D51D6B60065D30F /* Frameworks */,
				E77B25E81D51D6B60065D30F /* Resources */,
			);
			buildRules = (
			);
			dependencies = (
			);
			name = alertView;
			productName = alertView;
			productReference = E77B25EA1D51D6B60065D30F /* alertView.app */;
			productType = "com.apple.product-type.application";
		};
		E77B26021D51D6B80065D30F /* alertViewTests */ = {
			isa = PBXNativeTarget;
			buildConfigurationList = E77B261A1D51D6B80065D30F /* Build configuration list for PBXNativeTarget "alertViewTests" */;
			buildPhases = (
				E77B25FF1D51D6B80065D30F /* Sources */,
				E77B26001D51D6B80065D30F /* Frameworks */,
				E77B26011D51D6B80065D30F /* Resources */,
			);
			buildRules = (
			);
			dependencies = (
				E77B26051D51D6B80065D30F /* PBXTargetDependency */,
			);
			name = alertViewTests;
			productName = alertViewTests;
			productReference = E77B26031D51D6B80065D30F /* alertViewTests.xctest */;
			productType = "com.apple.product-type.bundle.unit-test";
		};
		E77B260D1D51D6B80065D30F /* alertViewUITests */ = {
			isa = PBXNativeTarget;
			buildConfigurationList = E77B261D1D51D6B80065D30F /* Build configuration list for PBXNativeTarget "alertViewUITests" */;
			buildPhases = (
				E77B260A1D51D6B80065D30F /* Sources */,
				E77B260B1D51D6B80065D30F /* Frameworks */,
				E77B260C1D51D6B80065D30F /* Resources */,
			);
			buildRules = (
			);
			dependencies = (
				E77B26101D51D6B80065D30F /* PBXTargetDependency */,
			);
			name = alertViewUITests;
			productName = alertViewUITests;
			productReference = E77B260E1D51D6B80065D30F /* alertViewUITests.xctest */;
			productType = "com.apple.product-type.bundle.ui-testing";
		};
/* End PBXNativeTarget section */

/* Begin PBXProject section */
		E77B25E21D51D6B60065D30F /* Project object */ = {
			isa = PBXProject;
			attributes = {
				LastUpgradeCheck = 0720;
				ORGANIZATIONNAME = tops;
				TargetAttributes = {
					E77B25E91D51D6B60065D30F = {
						CreatedOnToolsVersion = 7.2.1;
					};
					E77B26021D51D6B80065D30F = {
						CreatedOnToolsVersion = 7.2.1;
						TestTargetID = E77B25E91D51D6B60065D30F;
					};
					E77B260D1D51D6B80065D30F = {
						CreatedOnToolsVersion = 7.2.1;
						TestTargetID = E77B25E91D51D6B60065D30F;
					};
				};
			};
			buildConfigurationList = E77B25E51D51D6B60065D30F /* Build configuration list for PBXProject "alertView" */;
			compatibilityVersion = "Xcode 3.2";
			developmentRegion = English;
			hasScannedForEncodings = 0;
			knownRegions = (
				en,
				Base,
			);
			mainGroup = E77B25E11D51D6B60065D30F;
			productRefGroup = E77B25EB1D51D6B60065D30F /* Products */;
			projectDirPath = "";
			projectRoot = "";
			targets = (
				E77B25E91D51D6B60065D30F /* alertView */,
				E77B26021D51D6B80065D30F /* alertViewTests */,
				E77B260D1D51D6B80065D30F /* alertViewUITests */,
			);
		};
/* End PBXProject section */

/* Begin PBXResourcesBuildPhase section */
		E77B25E81D51D6B60065D30F /* Resources */ = {
			isa = PBXResourcesBuildPhase;
			buildActionMask = 2147483647;
			files = (
				E77B25FD1D51D6B70065D30F /* LaunchScreen.storyboard in Resources */,
				E77B25FA1D51D6B70065D30F /* Assets.xcassets in Resources */,
				E77B25F81D51D6B70065D30F /* Main.storyboard in Resources */,
			);
			runOnlyForDeploymentPostprocessing = 0;
		};
		E77B26011D51D6B80065D30F /* Resources */ = {
			isa = PBXResourcesBuildPhase;
			buildActionMask = 2147483647;
			files = (
			);
			runOnlyForDeploymentPostprocessing = 0;
		};
		E77B260C1D51D6B80065D30F /* Resources */ = {
			isa = PBXResourcesBuildPhase;
			buildActionMask = 2147483647;
			files = (
			);
			runOnlyForDeploymentPostprocessing = 0;
		};
/* End PBXResourcesBuildPhase section */

/* Begin PBXSourcesBuildPhase section */
		E77B25E61D51D6B60065D30F /* Sources */ = {
			isa = PBXSourcesBuildPhase;
			buildActionMask = 2147483647;
			files = (
				E77B25F51D51D6B70065D30F /* ViewController.m in Sources */,
				E77B25F21D51D6B70065D30F /* AppDelegate.m in Sources */,
				E77B25EF1D51D6B70065D30F /* main.m in Sources */,
			);
			runOnlyForDeploymentPostprocessing = 0;
		};
		E77B25FF1D51D6B80065D30F /* Sources */ = {
			isa = PBXSourcesBuildPhase;
			buildActionMask = 2147483647;
			files = (
				E77B26081D51D6B80065D30F /* alertViewTests.m in Sources */,
			);
			runOnlyForDeploymentPostprocessing = 0;
		};
		E77B260A1D51D6B80065D30F /* Sources */ = {
			isa = PBXSourcesBuildPhase;
			buildActionMask = 2147483647;
			files = (
				E77B26131D51D6B80065D30F /* alertViewUITests.m in Sources */,
			);
			runOnlyForDeploymentPostprocessing = 0;
		};
/* End PBXSourcesBuildPhase section */

/* Begin PBXTargetDependency section */
		E77B26051D51D6B80065D30F /* PBXTargetDependency */ = {
			isa = PBXTargetDependency;
			target = E77B25E91D51D6B60065D30F /* alertView */;
			targetProxy = E77B26041D51D6B80065D30F /* PBXContainerItemProxy */;
		};
		E77B26101D51D6B80065D30F /* PBXTargetDependency */ = {
			isa = PBXTargetDependency;
			target = E77B25E91D51D6B60065D30F /* alertView */;
			targetProxy = E77B260F1D51D6B80065D30F /* PBXContainerItemProxy */;
		};
/* End PBXTargetDependency section */

/* Begin PBXVariantGroup section */
		E77B25F61D51D6B70065D30F /* Main.storyboard */ = {
			isa = PBXVariantGroup;
			children = (
				E77B25F71D51D6B70065D30F /* Base */,
			);
			name = Main.storyboard;
			sourceTree = "<group>";
		};
		E77B25FB1D51D6B70065D30F /* LaunchScreen.storyboard */ = {
			isa = PBXVariantGroup;
			children = (
				E77B25FC1D51D6B70065D30F /* Base */,
			);
			name = LaunchScreen.storyboard;
			sourceTree = "<group>";
		};
/* End PBXVariantGroup section */

/* Begin XCBuildConfiguration section */
		E77B26151D51D6B80065D30F /* Debug */ = {
			isa = XCBuildConfiguration;
			buildSettings = {
				ALWAYS_SEARCH_USER_PATHS = NO;
				CLANG_CXX_LANGUAGE_STANDARD = "gnu++0x";
				CLANG_CXX_LIBRARY = "libc++";
				CLANG_ENABLE_MODULES = YES;
				CLANG_ENABLE_OBJC_ARC = YES;
				CLANG_WARN_BOOL_CONVERSION = YES;
				CLANG_WARN_CONSTANT_CONVERSION = YES;
				CLANG_WARN_DIRECT_OBJC_ISA_USAGE = YES_ERROR;
				CLANG_WARN_EMPTY_BODY = YES;
				CLANG_WARN_ENUM_CONVERSION = YES;
				CLANG_WARN_INT_CONVERSION = YES;
				CLANG_WARN_OBJC_ROOT_CLASS = YES_ERROR;
				CLANG_WARN_UNREACHABLE_CODE = YES;
				CLANG_WARN__DUPLICATE_METHOD_MATCH = YES;
				"CODE_SIGN_IDENTITY[sdk=iphoneos*]" = "iPhone Developer";
				COPY_PHASE_STRIP = NO;
				DEBUG_INFORMATION_FORMAT = dwarf;
				ENABLE_STRICT_OBJC_MSGSEND = YES;
				ENABLE_TESTABILITY = YES;
				GCC_C_LANGUAGE_STANDARD = gnu99;
				GCC_DYNAMIC_NO_PIC = NO;
				GCC_NO_COMMON_BLOCKS = YES;
				GCC_OPTIMIZATION_LEVEL = 0;
				GCC_PREPROCESSOR_DEFINITIONS = (
					"DEBUG=1",
					"$(inherited)",
				);
				GCC_WARN_64_TO_32_BIT_CONVERSION = YES;
				GCC_WARN_ABOUT_RETURN_TYPE = YES_ERROR;
				GCC_WARN_UNDECLARED_SELECTOR = YES;
				GCC_WARN_UNINITIALIZED_AUTOS = YES_AGGRESSIVE;
				GCC_WARN_UNUSED_FUNCTION = YES;
				GCC_WARN_UNUSED_VARIABLE = YES;
				IPHONEOS_DEPLOYMENT_TARGET = 9.2;
				MTL_ENABLE_DEBUG_INFO = YES;
				ONLY_ACTIVE_ARCH = YES;
				SDKROOT = iphoneos;
				TARGETED_DEVICE_FAMILY = "1,2";
			};
			name = Debug;
		};
		E77B26161D51D6B80065D30F /* Release */ = {
			isa = XCBuildConfiguration;
			buildSettings = {
				ALWAYS_SEARCH_USER_PATHS = NO;
				CLANG_CXX_LANGUAGE_STANDARD = "gnu++0x";
				CLANG_CXX_LIBRARY = "libc++";
				CLANG_ENABLE_MODULES = YES;
				CLANG_ENABLE_OBJC_ARC = YES;
				CLANG_WARN_BOOL_CONVERSION = YES;
				CLANG_WARN_CONSTANT_CONVERSION = YES;
				CLANG_WARN_DIRECT_OBJC_ISA_USAGE = YES_ERROR;
				CLANG_WARN_EMPTY_BODY = YES;
				CLANG_WARN_ENUM_CONVERSION = YES;
				CLANG_WARN_INT_CONVERSION = YES;
				CLANG_WARN_OBJC_ROOT_CLASS = YES_ERROR;
				CLANG_WARN_UNREACHABLE_CODE = YES;
				CLANG_WARN__DUPLICATE_METHOD_MATCH = YES;
				"CODE_SIGN_IDENTITY[sdk=iphoneos*]" = "iPhone Developer";
				COPY_PHASE_STRIP = NO;
				DEBUG_INFORMATION_FORMAT = "dwarf-with-dsym";
				ENABLE_NS_ASSERTIONS = NO;
				ENABLE_STRICT_OBJC_MSGSEND = YES;
				GCC_C_LANGUAGE_STANDARD = gnu99;
				GCC_NO_COMMON_BLOCKS = YES;
				GCC_WARN_64_TO_32_BIT_CONVERSION = YES;
				GCC_WARN_ABOUT_RETURN_TYPE = YES_ERROR;
				GCC_WARN_UNDECLARED_SELECTOR = YES;
				GCC_WARN_UNINITIALIZED_AUTOS = YES_AGGRESSIVE;
				GCC_WARN_UNUSED_FUNCTION = YES;
				GCC_WARN_UNUSED_VARIABLE = YES;
				IPHONEOS_DEPLOYMENT_TARGET = 9.2;
				MTL_ENABLE_DEBUG_INFO = NO;
				SDKROOT = iphoneos;
				TARGETED_DEVICE_FAMILY = "1,2";
				VALIDATE_PRODUCT = YES;
			};
			name = Release;
		};
		E77B26181D51D6B80065D30F /* Debug */ = {
			isa = XCBuildConfiguration;
			buildSettings = {
				ASSETCATALOG_COMPILER_APPICON_NAME = AppIcon;
				INFOPLIST_FILE = alertView/Info.plist;
				LD_RUNPATH_SEARCH_PATHS = "$(inherited) @executable_path/Frameworks";
				PRODUCT_BUNDLE_IDENTIFIER = com.nadim.alertViewDemo.alertView;
				PRODUCT_NAME = "$(TARGET_NAME)";
			};
			name = Debug;
		};
		E77B26191D51D6B80065D30F /* Release */ = {
			isa = XCBuildConfiguration;
			buildSettings = {
				ASSETCATALOG_COMPILER_APPICON_NAME = AppIcon;
				INFOPLIST_FILE = alertView/Info.plist;
				LD_RUNPATH_SEARCH_PATHS = "$(inherited) @executable_path/Frameworks";
				PRODUCT_BUNDLE_IDENTIFIER = com.nadim.alertViewDemo.alertView;
				PRODUCT_NAME = "$(TARGET_NAME)";
			};
			name = Release;
		};
		E77B261B1D51D6B80065D30F /* Debug */ = {
			isa = XCBuildConfiguration;
			buildSettings = {
				BUNDLE_LOADER = "$(TEST_HOST)";
				INFOPLIST_FILE = alertViewTests/Info.plist;
				LD_RUNPATH_SEARCH_PATHS = "$(inherited) @executable_path/Frameworks @loader_path/Frameworks";
				PRODUCT_BUNDLE_IDENTIFIER = com.nadim.alertViewDemo.alertViewTests;
				PRODUCT_NAME = "$(TARGET_NAME)";
				TEST_HOST = "$(BUILT_PRODUCTS_DIR)/alertView.app/alertView";
			};
			name = Debug;
		};
		E77B261C1D51D6B80065D30F /* Release */ = {
			isa = XCBuildConfiguration;
			buildSettings = {
				BUNDLE_LOADER = "$(TEST_HOST)";
				INFOPLIST_FILE = alertViewTests/Info.plist;
				LD_RUNPATH_SEARCH_PATHS = "$(inherited) @executable_path/Frameworks @loader_path/Frameworks";
				PRODUCT_BUNDLE_IDENTIFIER = com.nadim.alertViewDemo.alertViewTests;
				PRODUCT_NAME = "$(TARGET_NAME)";
				TEST_HOST = "$(BUILT_PRODUCTS_DIR)/alertView.app/alertView";
			};
			name = Release;
		};
		E77B261E1D51D6B80065D30F /* Debug */ = {
			isa = XCBuildConfiguration;
			buildSettings = {
				INFOPLIST_FILE = alertViewUITests/Info.plist;
				LD_RUNPATH_SEARCH_PATHS = "$(inherited) @executable_path/Frameworks @loader_path/Frameworks";
				PRODUCT_BUNDLE_IDENTIFIER = com.nadim.alertViewDemo.alertViewUITests;
				PRODUCT_NAME = "$(TARGET_NAME)";
				TEST_TARGET_NAME = alertView;
				USES_XCTRUNNER = YES;
			};
			name = Debug;
		};
		E77B261F1D51D6B80065D30F /* Release */ = {
			isa = XCBuildConfiguration;
			buildSettings = {
				INFOPLIST_FILE = alertViewUITests/Info.plist;
				LD_RUNPATH_SEARCH_PATHS = "$(inherited) @executable_path/Frameworks @loader_path/Frameworks";
				PRODUCT_BUNDLE_IDENTIFIER = com.nadim.alertViewDemo.alertViewUITests;
				PRODUCT_NAME = "$(TARGET_NAME)";
				TEST_TARGET_NAME = alertView;
				USES_XCTRUNNER = YES;
			};
			name = Release;
		};
/* End XCBuildConfiguration section */

/* Begin XCConfigurationList section */
		E77B25E51D51D6B60065D30F /* Build configuration list for PBXProject "alertView" */ = {
			isa = XCConfigurationList;
			buildConfigurations = (
				E77B26151D51D6B80065D30F /* Debug */,
				E77B26161D51D6B80065D30F /* Release */,
			);
			defaultConfigurationIsVisible = 0;
			defaultConfigurationName = Release;
		};
		E77B26171D51D6B80065D30F /* Build configuration list for PBXNativeTarget "alertView" */ = {
			isa = XCConfigurationList;
			buildConfigurations = (
				E77B26181D51D6B80065D30F /* Debug */,
				E77B26191D51D6B80065D30F /* Release */,
			);
			defaultConfigurationIsVisible = 0;
		};
		E77B261A1D51D6B80065D30F /* Build configuration list for PBXNativeTarget "alertViewTests" */ = {
			isa = XCConfigurationList;
			buildConfigurations = (
				E77B261B1D51D6B80065D30F /* Debug */,
				E77B261C1D51D6B80065D30F /* Release */,
			);
			defaultConfigurationIsVisible = 0;
		};
		E77B261D1D51D6B80065D30F /* Build configuration list for PBXNativeTarget "alertViewUITests" */ = {
			isa = XCConfigurationList;
			buildConfigurations = (
				E77B261E1D51D6B80065D30F /* Debug */,
				E77B261F1D51D6B80065D30F /* Release */,
			);
			defaultConfigurationIsVisible = 0;
		};
/* End XCConfigurationList section */
	};
	rootObject = E77B25E21D51D6B60065D30F /* Project object */;
}
